
Microsoft Visual Studio Solution File, Format Version 12.00
# Visual Studio Version 17
VisualStudioVersion = 17.14.36623.8
MinimumVisualStudioVersion = 10.0.40219.1
Project("{FAE04EC0-301F-11D3-BF4B-00C04F79EFBC}") = "UIs", "GestionCursos\UIs.csproj", "{287B7AF6-3630-4645-B27E-D7D3ECCB05D4}"
EndProject
Project("{FAE04EC0-301F-11D3-BF4B-00C04F79EFBC}") = "Negocio", "Negocio\Negocio.csproj", "{026DBF86-C857-4085-9EA7-6B28F70B4BFA}"
EndProject
Project("{FAE04EC0-301F-11D3-BF4B-00C04F79EFBC}") = "Entidades", "Entidades\Entidades.csproj", "{24BD70DE-538A-417B-9BDB-EEEE9CC55D4C}"
EndProject
Project("{FAE04EC0-301F-11D3-BF4B-00C04F79EFBC}") = "CursosTest", "CursosTest\CursosTest.csproj", "{0A9DB353-31E8-43BC-8F8A-F1985EE2DACF}"
EndProject
Global
	GlobalSection(SolutionConfigurationPlatforms) = preSolution
		Debug|Any CPU = Debug|Any CPU
		Release|Any CPU = Release|Any CPU
	EndGlobalSection
	GlobalSection(ProjectConfigurationPlatforms) = postSolution
		{287B7AF6-3630-4645-B27E-D7D3ECCB05D4}.Debug|Any CPU.ActiveCfg = Debug|Any CPU
		{287B7AF6-3630-4645-B27E-D7D3ECCB05D4}.Debug|Any CPU.Build.0 = Debug|Any CPU
		{287B7AF6-3630-4645-B27E-D7D3ECCB05D4}.Release|Any CPU.ActiveCfg = Release|Any CPU
		{287B7AF6-3630-4645-B27E-D7D3ECCB05D4}.Release|Any CPU.Build.0 = Release|Any CPU
		{026DBF86-C857-4085-9EA7-6B28F70B4BFA}.Debug|Any CPU.ActiveCfg = Debug|Any CPU
		{026DBF86-C857-4085-9EA7-6B28F70B4BFA}.Debug|Any CPU.Build.0 = Debug|Any CPU
		{026DBF86-C857-4085-9EA7-6B28F70B4BFA}.Release|Any CPU.ActiveCfg = Release|Any CPU
		{026DBF86-C857-4085-9EA7-6B28F70B4BFA}.Release|Any CPU.Build.0 = Release|Any CPU
		{24BD70DE-538A-417B-9BDB-EEEE9CC55D4C}.Debug|Any CPU.ActiveCfg = Debug|Any CPU
		{24BD70DE-538A-417B-9BDB-EEEE9CC55D4C}.Debug|Any CPU.Build.0 = Debug|Any CPU
		{24BD70DE-538A-417B-9BDB-EEEE9CC55D4C}.Release|Any CPU.ActiveCfg = Release|Any CPU
		{24BD70DE-538A-417B-9BDB-EEEE9CC55D4C}.Release|Any CPU.Build.0 = Release|Any CPU
		{0A9DB353-31E8-43BC-8F8A-F1985EE2DACF}.Debug|Any CPU.ActiveCfg = Debug|Any CPU
		{0A9DB353-31E8-43BC-8F8A-F1985EE2DACF}.Debug|Any CPU.Build.0 = Debug|Any CPU
		{0A9DB353-31E8-43BC-8F8A-F1985EE2DACF}.Release|Any CPU.ActiveCfg = Release|Any CPU
		{0A9DB353-31E8-43BC-8F8A-F1985EE2DACF}.Release|Any CPU.Build.0 = Release|Any CPU
	EndGlobalSection
	GlobalSection(SolutionProperties) = preSolution
		HideSolutionNode = FALSE
	EndGlobalSection
	GlobalSection(ExtensibilityGlobals) = postSolution
		SolutionGuid = {63C89CA5-845E-420D-9B57-1E1913813A0C}
	EndGlobalSection
EndGlobal
